// !$*UTF8*$!
{
	archiveVersion = 1;
	classes = {
	};
	objectVersion = 50;
	objects = {

/* Begin PBXBuildFile section */
		854A234B27B7FA1E0025C24C /* AppDelegate.swift in Sources */ = {isa = PBXBuildFile; fileRef = 854A234A27B7FA1E0025C24C /* AppDelegate.swift */; };
		854A234D27B7FA1E0025C24C /* SceneDelegate.swift in Sources */ = {isa = PBXBuildFile; fileRef = 854A234C27B7FA1E0025C24C /* SceneDelegate.swift */; };
		854A234F27B7FA1E0025C24C /* ViewController.swift in Sources */ = {isa = PBXBuildFile; fileRef = 854A234E27B7FA1E0025C24C /* ViewController.swift */; };
		854A235427B7FA210025C24C /* Assets.xcassets in Resources */ = {isa = PBXBuildFile; fileRef = 854A235327B7FA210025C24C /* Assets.xcassets */; };
		854A235727B7FA210025C24C /* LaunchScreen.storyboard in Resources */ = {isa = PBXBuildFile; fileRef = 854A235527B7FA210025C24C /* LaunchScreen.storyboard */; };
		854A235F27B7FDEE0025C24C /* TabBarViewController.swift in Sources */ = {isa = PBXBuildFile; fileRef = 854A235E27B7FDEE0025C24C /* TabBarViewController.swift */; };
		854A236127B7FFE70025C24C /* HomeViewController.swift in Sources */ = {isa = PBXBuildFile; fileRef = 854A236027B7FFE70025C24C /* HomeViewController.swift */; };
		854A236327B7FFFB0025C24C /* SeargViewController.swift in Sources */ = {isa = PBXBuildFile; fileRef = 854A236227B7FFFB0025C24C /* SeargViewController.swift */; };
		854A236527B800070025C24C /* VideoViewController.swift in Sources */ = {isa = PBXBuildFile; fileRef = 854A236427B800070025C24C /* VideoViewController.swift */; };
		854A236727B800170025C24C /* SeedViewController.swift in Sources */ = {isa = PBXBuildFile; fileRef = 854A236627B800170025C24C /* SeedViewController.swift */; };
		854A236B27B800B50025C24C /* ProfileViewController.swift in Sources */ = {isa = PBXBuildFile; fileRef = 854A236A27B800B50025C24C /* ProfileViewController.swift */; };
/* End PBXBuildFile section */

/* Begin PBXFileReference section */
		854A234727B7FA1E0025C24C /* Instagram.app */ = {isa = PBXFileReference; explicitFileType = wrapper.application; includeInIndex = 0; path = Instagram.app; sourceTree = BUILT_PRODUCTS_DIR; };
		854A234A27B7FA1E0025C24C /* AppDelegate.swift */ = {isa = PBXFileReference; lastKnownFileType = sourcecode.swift; path = AppDelegate.swift; sourceTree = "<group>"; };
		854A234C27B7FA1E0025C24C /* SceneDelegate.swift */ = {isa = PBXFileReference; lastKnownFileType = sourcecode.swift; path = SceneDelegate.swift; sourceTree = "<group>"; };
		854A234E27B7FA1E0025C24C /* ViewController.swift */ = {isa = PBXFileReference; lastKnownFileType = sourcecode.swift; path = ViewController.swift; sourceTree = "<group>"; };
		854A235327B7FA210025C24C /* Assets.xcassets */ = {isa = PBXFileReference; lastKnownFileType = folder.assetcatalog; path = Assets.xcassets; sourceTree = "<group>"; };
		854A235627B7FA210025C24C /* Base */ = {isa = PBXFileReference; lastKnownFileType = file.storyboard; name = Base; path = Base.lproj/LaunchScreen.storyboard; sourceTree = "<group>"; };
		854A235827B7FA210025C24C /* Info.plist */ = {isa = PBXFileReference; lastKnownFileType = text.plist.xml; path = Info.plist; sourceTree = "<group>"; };
		854A235E27B7FDEE0025C24C /* TabBarViewController.swift */ = {isa = PBXFileReference; lastKnownFileType = sourcecode.swift; path = TabBarViewController.swift; sourceTree = "<group>"; };
		854A236027B7FFE70025C24C /* HomeViewController.swift */ = {isa = PBXFileReference; lastKnownFileType = sourcecode.swift; path = HomeViewController.swift; sourceTree = "<group>"; };
		854A236227B7FFFB0025C24C /* SeargViewController.swift */ = {isa = PBXFileReference; lastKnownFileType = sourcecode.swift; path = SeargViewController.swift; sourceTree = "<group>"; };
		854A236427B800070025C24C /* VideoViewController.swift */ = {isa = PBXFileReference; lastKnownFileType = sourcecode.swift; path = VideoViewController.swift; sourceTree = "<group>"; };
		854A236627B800170025C24C /* SeedViewController.swift */ = {isa = PBXFileReference; lastKnownFileType = sourcecode.swift; path = SeedViewController.swift; sourceTree = "<group>"; };
		854A236A27B800B50025C24C /* ProfileViewController.swift */ = {isa = PBXFileReference; lastKnownFileType = sourcecode.swift; path = ProfileViewController.swift; sourceTree = "<group>"; };
/* End PBXFileReference section */

/* Begin PBXFrameworksBuildPhase section */
		854A234427B7FA1E0025C24C /* Frameworks */ = {
			isa = PBXFrameworksBuildPhase;
			buildActionMask = 2147483647;
			files = (
			);
			runOnlyForDeploymentPostprocessing = 0;
		};
/* End PBXFrameworksBuildPhase section */

/* Begin PBXGroup section */
		854A233E27B7FA1E0025C24C = {
			isa = PBXGroup;
			children = (
				854A234927B7FA1E0025C24C /* Instagram */,
				854A234827B7FA1E0025C24C /* Products */,
			);
			sourceTree = "<group>";
		};
		854A234827B7FA1E0025C24C /* Products */ = {
			isa = PBXGroup;
			children = (
				854A234727B7FA1E0025C24C /* Instagram.app */,
			);
			name = Products;
			sourceTree = "<group>";
		};
		854A234927B7FA1E0025C24C /* Instagram */ = {
			isa = PBXGroup;
			children = (
				854A234A27B7FA1E0025C24C /* AppDelegate.swift */,
				854A234C27B7FA1E0025C24C /* SceneDelegate.swift */,
				854A234E27B7FA1E0025C24C /* ViewController.swift */,
				854A235E27B7FDEE0025C24C /* TabBarViewController.swift */,
				854A236027B7FFE70025C24C /* HomeViewController.swift */,
				854A236227B7FFFB0025C24C /* SeargViewController.swift */,
				854A236427B800070025C24C /* VideoViewController.swift */,
				854A236627B800170025C24C /* SeedViewController.swift */,
				854A236A27B800B50025C24C /* ProfileViewController.swift */,
				854A235327B7FA210025C24C /* Assets.xcassets */,
				854A235527B7FA210025C24C /* LaunchScreen.storyboard */,
				854A235827B7FA210025C24C /* Info.plist */,
			);
			path = Instagram;
			sourceTree = "<group>";
		};
/* End PBXGroup section */

/* Begin PBXNativeTarget section */
		854A234627B7FA1E0025C24C /* Instagram */ = {
			isa = PBXNativeTarget;
			buildConfigurationList = 854A235B27B7FA210025C24C /* Build configuration list for PBXNativeTarget "Instagram" */;
			buildPhases = (
				854A234327B7FA1E0025C24C /* Sources */,
				854A234427B7FA1E0025C24C /* Frameworks */,
				854A234527B7FA1E0025C24C /* Resources */,
			);
			buildRules = (
			);
			dependencies = (
			);
			name = Instagram;
			productName = Instagram;
			productReference = 854A234727B7FA1E0025C24C /* Instagram.app */;
			productType = "com.apple.product-type.application";
		};
/* End PBXNativeTarget section */

/* Begin PBXProject section */
		854A233F27B7FA1E0025C24C /* Project object */ = {
			isa = PBXProject;
			attributes = {
				LastSwiftUpdateCheck = 1250;
				LastUpgradeCheck = 1250;
				TargetAttributes = {
					854A234627B7FA1E0025C24C = {
						CreatedOnToolsVersion = 12.5.1;
					};
				};
			};
			buildConfigurationList = 854A234227B7FA1E0025C24C /* Build configuration list for PBXProject "Instagram" */;
			compatibilityVersion = "Xcode 9.3";
			developmentRegion = en;
			hasScannedForEncodings = 0;
			knownRegions = (
				en,
				Base,
			);
			mainGroup = 854A233E27B7FA1E0025C24C;
			productRefGroup = 854A234827B7FA1E0025C24C /* Products */;
			projectDirPath = "";
			projectRoot = "";
			targets = (
				854A234627B7FA1E0025C24C /* Instagram */,
			);
		};
/* End PBXProject section */

/* Begin PBXResourcesBuildPhase section */
		854A234527B7FA1E0025C24C /* Resources */ = {
			isa = PBXResourcesBuildPhase;
			buildActionMask = 2147483647;
			files = (
				854A235727B7FA210025C24C /* LaunchScreen.storyboard in Resources */,
				854A235427B7FA210025C24C /* Assets.xcassets in Resources */,
			);
			runOnlyForDeploymentPostprocessing = 0;
		};
/* End PBXResourcesBuildPhase section */

/* Begin PBXSourcesBuildPhase section */
		854A234327B7FA1E0025C24C /* Sources */ = {
			isa = PBXSourcesBuildPhase;
			buildActionMask = 2147483647;
			files = (
				854A236127B7FFE70025C24C /* HomeViewController.swift in Sources */,
				854A236527B800070025C24C /* VideoViewController.swift in Sources */,
				854A235F27B7FDEE0025C24C /* TabBarViewController.swift in Sources */,
				854A236727B800170025C24C /* SeedViewController.swift in Sources */,
				854A234F27B7FA1E0025C24C /* ViewController.swift in Sources */,
				854A234B27B7FA1E0025C24C /* AppDelegate.swift in Sources */,
				854A236B27B800B50025C24C /* ProfileViewController.swift in Sources */,
				854A234D27B7FA1E0025C24C /* SceneDelegate.swift in Sources */,
				854A236327B7FFFB0025C24C /* SeargViewController.swift in Sources */,
			);
			runOnlyForDeploymentPostprocessing = 0;
		};
/* End PBXSourcesBuildPhase section */

/* Begin PBXVariantGroup section */
		854A235527B7FA210025C24C /* LaunchScreen.storyboard */ = {
			isa = PBXVariantGroup;
			children = (
				854A235627B7FA210025C24C /* Base */,
			);
			name = LaunchScreen.storyboard;
			sourceTree = "<group>";
		};
/* End PBXVariantGroup section */

/* Begin XCBuildConfiguration section */
		854A235927B7FA210025C24C /* Debug */ = {
			isa = XCBuildConfiguration;
			buildSettings = {
				ALWAYS_SEARCH_USER_PATHS = NO;
				CLANG_ANALYZER_NONNULL = YES;
				CLANG_ANALYZER_NUMBER_OBJECT_CONVERSION = YES_AGGRESSIVE;
				CLANG_CXX_LANGUAGE_STANDARD = "gnu++14";
				CLANG_CXX_LIBRARY = "libc++";
				CLANG_ENABLE_MODULES = YES;
				CLANG_ENABLE_OBJC_ARC = YES;
				CLANG_ENABLE_OBJC_WEAK = YES;
				CLANG_WARN_BLOCK_CAPTURE_AUTORELEASING = YES;
				CLANG_WARN_BOOL_CONVERSION = YES;
				CLANG_WARN_COMMA = YES;
				CLANG_WARN_CONSTANT_CONVERSION = YES;
				CLANG_WARN_DEPRECATED_OBJC_IMPLEMENTATIONS = YES;
				CLANG_WARN_DIRECT_OBJC_ISA_USAGE = YES_ERROR;
				CLANG_WARN_DOCUMENTATION_COMMENTS = YES;
				CLANG_WARN_EMPTY_BODY = YES;
				CLANG_WARN_ENUM_CONVERSION = YES;
				CLANG_WARN_INFINITE_RECURSION = YES;
				CLANG_WARN_INT_CONVERSION = YES;
				CLANG_WARN_NON_LITERAL_NULL_CONVERSION = YES;
				CLANG_WARN_OBJC_IMPLICIT_RETAIN_SELF = YES;
				CLANG_WARN_OBJC_LITERAL_CONVERSION = YES;
				CLANG_WARN_OBJC_ROOT_CLASS = YES_ERROR;
				CLANG_WARN_QUOTED_INCLUDE_IN_FRAMEWORK_HEADER = YES;
				CLANG_WARN_RANGE_LOOP_ANALYSIS = YES;
				CLANG_WARN_STRICT_PROTOTYPES = YES;
				CLANG_WARN_SUSPICIOUS_MOVE = YES;
				CLANG_WARN_UNGUARDED_AVAILABILITY = YES_AGGRESSIVE;
				CLANG_WARN_UNREACHABLE_CODE = YES;
				CLANG_WARN__DUPLICATE_METHOD_MATCH = YES;
				COPY_PHASE_STRIP = NO;
				DEBUG_INFORMATION_FORMAT = dwarf;
				ENABLE_STRICT_OBJC_MSGSEND = YES;
				ENABLE_TESTABILITY = YES;
				GCC_C_LANGUAGE_STANDARD = gnu11;
				GCC_DYNAMIC_NO_PIC = NO;
				GCC_NO_COMMON_BLOCKS = YES;
				GCC_OPTIMIZATION_LEVEL = 0;
				GCC_PREPROCESSOR_DEFINITIONS = (
					"DEBUG=1",
					"$(inherited)",
				);
				GCC_WARN_64_TO_32_BIT_CONVERSION = YES;
				GCC_WARN_ABOUT_RETURN_TYPE = YES_ERROR;
				GCC_WARN_UNDECLARED_SELECTOR = YES;
				GCC_WARN_UNINITIALIZED_AUTOS = YES_AGGRESSIVE;
				GCC_WARN_UNUSED_FUNCTION = YES;
				GCC_WARN_UNUSED_VARIABLE = YES;
				IPHONEOS_DEPLOYMENT_TARGET = 14.5;
				MTL_ENABLE_DEBUG_INFO = INCLUDE_SOURCE;
				MTL_FAST_MATH = YES;
				ONLY_ACTIVE_ARCH = YES;
				SDKROOT = iphoneos;
				SWIFT_ACTIVE_COMPILATION_CONDITIONS = DEBUG;
				SWIFT_OPTIMIZATION_LEVEL = "-Onone";
			};
			name = Debug;
		};
		854A235A27B7FA210025C24C /* Release */ = {
			isa = XCBuildConfiguration;
			buildSettings = {
				ALWAYS_SEARCH_USER_PATHS = NO;
				CLANG_ANALYZER_NONNULL = YES;
				CLANG_ANALYZER_NUMBER_OBJECT_CONVERSION = YES_AGGRESSIVE;
				CLANG_CXX_LANGUAGE_STANDARD = "gnu++14";
				CLANG_CXX_LIBRARY = "libc++";
				CLANG_ENABLE_MODULES = YES;
				CLANG_ENABLE_OBJC_ARC = YES;
				CLANG_ENABLE_OBJC_WEAK = YES;
				CLANG_WARN_BLOCK_CAPTURE_AUTORELEASING = YES;
				CLANG_WARN_BOOL_CONVERSION = YES;
				CLANG_WARN_COMMA = YES;
				CLANG_WARN_CONSTANT_CONVERSION = YES;
				CLANG_WARN_DEPRECATED_OBJC_IMPLEMENTATIONS = YES;
				CLANG_WARN_DIRECT_OBJC_ISA_USAGE = YES_ERROR;
				CLANG_WARN_DOCUMENTATION_COMMENTS = YES;
				CLANG_WARN_EMPTY_BODY = YES;
				CLANG_WARN_ENUM_CONVERSION = YES;
				CLANG_WARN_INFINITE_RECURSION = YES;
				CLANG_WARN_INT_CONVERSION = YES;
				CLANG_WARN_NON_LITERAL_NULL_CONVERSION = YES;
				CLANG_WARN_OBJC_IMPLICIT_RETAIN_SELF = YES;
				CLANG_WARN_OBJC_LITERAL_CONVERSION = YES;
				CLANG_WARN_OBJC_ROOT_CLASS = YES_ERROR;
				CLANG_WARN_QUOTED_INCLUDE_IN_FRAMEWORK_HEADER = YES;
				CLANG_WARN_RANGE_LOOP_ANALYSIS = YES;
				CLANG_WARN_STRICT_PROTOTYPES = YES;
				CLANG_WARN_SUSPICIOUS_MOVE = YES;
				CLANG_WARN_UNGUARDED_AVAILABILITY = YES_AGGRESSIVE;
				CLANG_WARN_UNREACHABLE_CODE = YES;
				CLANG_WARN__DUPLICATE_METHOD_MATCH = YES;
				COPY_PHASE_STRIP = NO;
				DEBUG_INFORMATION_FORMAT = "dwarf-with-dsym";
				ENABLE_NS_ASSERTIONS = NO;
				ENABLE_STRICT_OBJC_MSGSEND = YES;
				GCC_C_LANGUAGE_STANDARD = gnu11;
				GCC_NO_COMMON_BLOCKS = YES;
				GCC_WARN_64_TO_32_BIT_CONVERSION = YES;
				GCC_WARN_ABOUT_RETURN_TYPE = YES_ERROR;
				GCC_WARN_UNDECLARED_SELECTOR = YES;
				GCC_WARN_UNINITIALIZED_AUTOS = YES_AGGRESSIVE;
				GCC_WARN_UNUSED_FUNCTION = YES;
				GCC_WARN_UNUSED_VARIABLE = YES;
				IPHONEOS_DEPLOYMENT_TARGET = 14.5;
				MTL_ENABLE_DEBUG_INFO = NO;
				MTL_FAST_MATH = YES;
				SDKROOT = iphoneos;
				SWIFT_COMPILATION_MODE = wholemodule;
				SWIFT_OPTIMIZATION_LEVEL = "-O";
				VALIDATE_PRODUCT = YES;
			};
			name = Release;
		};
		854A235C27B7FA210025C24C /* Debug */ = {
			isa = XCBuildConfiguration;
			buildSettings = {
				ASSETCATALOG_COMPILER_APPICON_NAME = AppIcon;
				ASSETCATALOG_COMPILER_GLOBAL_ACCENT_COLOR_NAME = AccentColor;
				CODE_SIGN_STYLE = Automatic;
				INFOPLIST_FILE = Instagram/Info.plist;
				LD_RUNPATH_SEARCH_PATHS = (
					"$(inherited)",
					"@executable_path/Frameworks",
				);
				PRODUCT_BUNDLE_IDENTIFIER = testProject.Instagram;
				PRODUCT_NAME = "$(TARGET_NAME)";
				SWIFT_VERSION = 5.0;
				TARGETED_DEVICE_FAMILY = "1,2";
			};
			name = Debug;
		};
		854A235D27B7FA210025C24C /* Release */ = {
			isa = XCBuildConfiguration;
			buildSettings = {
				ASSETCATALOG_COMPILER_APPICON_NAME = AppIcon;
				ASSETCATALOG_COMPILER_GLOBAL_ACCENT_COLOR_NAME = AccentColor;
				CODE_SIGN_STYLE = Automatic;
				INFOPLIST_FILE = Instagram/Info.plist;
				LD_RUNPATH_SEARCH_PATHS = (
					"$(inherited)",
					"@executable_path/Frameworks",
				);
				PRODUCT_BUNDLE_IDENTIFIER = testProject.Instagram;
				PRODUCT_NAME = "$(TARGET_NAME)";
				SWIFT_VERSION = 5.0;
				TARGETED_DEVICE_FAMILY = "1,2";
			};
			name = Release;
		};
/* End XCBuildConfiguration section */

/* Begin XCConfigurationList section */
		854A234227B7FA1E0025C24C /* Build configuration list for PBXProject "Instagram" */ = {
			isa = XCConfigurationList;
			buildConfigurations = (
				854A235927B7FA210025C24C /* Debug */,
				854A235A27B7FA210025C24C /* Release */,
			);
			defaultConfigurationIsVisible = 0;
			defaultConfigurationName = Release;
		};
		854A235B27B7FA210025C24C /* Build configuration list for PBXNativeTarget "Instagram" */ = {
			isa = XCConfigurationList;
			buildConfigurations = (
				854A235C27B7FA210025C24C /* Debug */,
				854A235D27B7FA210025C24C /* Release */,
			);
			defaultConfigurationIsVisible = 0;
			defaultConfigurationName = Release;
		};
/* End XCConfigurationList section */
	};
	rootObject = 854A233F27B7FA1E0025C24C /* Project object */;
}
